<?xml version="1.0" encoding="utf-8"?>
<Project ToolsVersion="4.0" xmlns="http://schemas.microsoft.com/developer/msbuild/2003">
  <ItemGroup>
    <Filter Include="源文件">
      <UniqueIdentifier>{4FC737F1-C7A5-4376-A066-2A32D752A2FF}</UniqueIdentifier>
      <Extensions>cpp;c;cc;cxx;def;odl;idl;hpj;bat;asm;asmx</Extensions>
    </Filter>
    <Filter Include="头文件">
      <UniqueIdentifier>{93995380-89BD-4b04-88EB-625FBE52EBFB}</UniqueIdentifier>
      <Extensions>h;hh;hpp;hxx;hm;inl;inc;xsd</Extensions>
    </Filter>
    <Filter Include="资源文件">
      <UniqueIdentifier>{67DA6AB6-F800-4c08-8B7A-83BB121AAD01}</UniqueIdentifier>
      <Extensions>rc;ico;cur;bmp;dlg;rc2;rct;bin;rgs;gif;jpg;jpeg;jpe;resx;tiff;tif;png;wav;mfcribbon-ms</Extensions>
    </Filter>
    <Filter Include="源文件\demo1">
      <UniqueIdentifier>{7418c1b9-598b-41da-a034-552648ab7d72}</UniqueIdentifier>
    </Filter>
    <Filter Include="头文件\demo1">
      <UniqueIdentifier>{d06b8a20-3a54-44c0-9bf9-bd8d3c7ebccb}</UniqueIdentifier>
    </Filter>
    <Filter Include="头文件\core">
      <UniqueIdentifier>{4e8381ce-c725-4b28-8503-bd21654c58f4}</UniqueIdentifier>
    </Filter>
    <Filter Include="源文件\core">
      <UniqueIdentifier>{ef8f1d7b-d8f0-4523-ba4b-66886266fe96}</UniqueIdentifier>
    </Filter>
    <Filter Include="源文件\demo2">
      <UniqueIdentifier>{870bd0d6-9233-414f-bbf6-fc8ee4c3dc39}</UniqueIdentifier>
    </Filter>
    <Filter Include="头文件\demo2">
      <UniqueIdentifier>{6feee567-ff0b-4149-8a1a-eb2fa37418f4}</UniqueIdentifier>
    </Filter>
  </ItemGroup>
  <ItemGroup>
    <Text Include="shader\fs.txt">
      <Filter>资源文件</Filter>
    </Text>
    <Text Include="shader\fsLight.txt">
      <Filter>资源文件</Filter>
    </Text>
    <Text Include="shader\vs.txt">
      <Filter>资源文件</Filter>
    </Text>
    <Text Include="shader\vsLight.txt">
      <Filter>资源文件</Filter>
    </Text>
    <Text Include="shader\demo2fs.txt">
      <Filter>资源文件</Filter>
    </Text>
    <Text Include="shader\demo2vs.txt">
      <Filter>资源文件</Filter>
    </Text>
  </ItemGroup>
  <ItemGroup>
    <ClCompile Include="src\glad.c">
      <Filter>源文件</Filter>
    </ClCompile>
    <ClCompile Include="src\Demo1.cpp">
      <Filter>源文件\demo1</Filter>
    </ClCompile>
    <ClCompile Include="src\IRenderLoop.cpp">
      <Filter>源文件\core</Filter>
    </ClCompile>
    <ClCompile Include="src\Texture2D.cpp">
      <Filter>源文件\core</Filter>
    </ClCompile>
    <ClCompile Include="src\ZOpenGL.cpp">
      <Filter>源文件\core</Filter>
    </ClCompile>
    <ClCompile Include="src\ZShader.cpp">
      <Filter>源文件\core</Filter>
    </ClCompile>
    <ClCompile Include="src\Main.cpp">
      <Filter>源文件</Filter>
    </ClCompile>
    <ClCompile Include="src\Demo2.cpp">
      <Filter>源文件\demo2</Filter>
    </ClCompile>
    <ClCompile Include="src\Node.cpp">
      <Filter>源文件\core</Filter>
    </ClCompile>
    <ClCompile Include="src\Scene.cpp">
      <Filter>源文件\core</Filter>
    </ClCompile>
    <ClCompile Include="src\Engine.cpp">
      <Filter>源文件\core</Filter>
    </ClCompile>
    <ClCompile Include="src\Sprite.cpp">
      <Filter>源文件\core</Filter>
    </ClCompile>
  </ItemGroup>
  <ItemGroup>
    <ClInclude Include="src\stb_image.h">
      <Filter>头文件</Filter>
    </ClInclude>
    <ClInclude Include="src\Demo1.h">
      <Filter>头文件\demo1</Filter>
    </ClInclude>
    <ClInclude Include="src\ZShader.hpp">
      <Filter>头文件\core</Filter>
    </ClInclude>
    <ClInclude Include="src\ZOpenGL.hpp">
      <Filter>头文件\core</Filter>
    </ClInclude>
    <ClInclude Include="src\Texture2D.hpp">
      <Filter>头文件\core</Filter>
    </ClInclude>
    <ClInclude Include="src\IRenderLoop.h">
      <Filter>头文件\core</Filter>
    </ClInclude>
    <ClInclude Include="src\Demo2.h">
      <Filter>头文件\demo2</Filter>
    </ClInclude>
    <ClInclude Include="src\Node.h">
      <Filter>头文件\core</Filter>
    </ClInclude>
    <ClInclude Include="src\Scene.h">
      <Filter>头文件\core</Filter>
    </ClInclude>
    <ClInclude Include="src\Engine.h">
      <Filter>头文件\core</Filter>
    </ClInclude>
    <ClInclude Include="src\Sprite.h">
      <Filter>头文件\core</Filter>
    </ClInclude>
  </ItemGroup>
</Project>